
Microsoft Visual Studio Solution File, Format Version 12.00
# Visual Studio Version 16
VisualStudioVersion = 16.0.30011.22
MinimumVisualStudioVersion = 10.0.40219.1
Project("{8BC9CEB8-8B4A-11D0-8D11-00A0C91BC942}") = "LABA3", "LABA3\LABA3.vcxproj", "{6D08C066-AEE2-4E84-9DC1-EB9A0274067D}"
EndProject
Global
	GlobalSection(SolutionConfigurationPlatforms) = preSolution
		Debug|x64 = Debug|x64
		Debug|x86 = Debug|x86
		Release|x64 = Release|x64
		Release|x86 = Release|x86
	EndGlobalSection
	GlobalSection(ProjectConfigurationPlatforms) = postSolution
		{6D08C066-AEE2-4E84-9DC1-EB9A0274067D}.Debug|x64.ActiveCfg = Debug|x64
		{6D08C066-AEE2-4E84-9DC1-EB9A0274067D}.Debug|x64.Build.0 = Debug|x64
		{6D08C066-AEE2-4E84-9DC1-EB9A0274067D}.Debug|x86.ActiveCfg = Debug|Win32
		{6D08C066-AEE2-4E84-9DC1-EB9A0274067D}.Debug|x86.Build.0 = Debug|Win32
		{6D08C066-AEE2-4E84-9DC1-EB9A0274067D}.Release|x64.ActiveCfg = Release|x64
		{6D08C066-AEE2-4E84-9DC1-EB9A0274067D}.Release|x64.Build.0 = Release|x64
		{6D08C066-AEE2-4E84-9DC1-EB9A0274067D}.Release|x86.ActiveCfg = Release|Win32
		{6D08C066-AEE2-4E84-9DC1-EB9A0274067D}.Release|x86.Build.0 = Release|Win32
	EndGlobalSection
	GlobalSection(SolutionProperties) = preSolution
		HideSolutionNode = FALSE
	EndGlobalSection
	GlobalSection(ExtensibilityGlobals) = postSolution
		SolutionGuid = {FE1960E6-7617-4AD3-8165-05C0238F4573}
	EndGlobalSection
EndGlobal
